{
  "name": "js_tutorial",
  "lockfileVersion": 2,
  "requires": true,
  "packages": {
    "": {
      "dependencies": {
        "thomasnathanm-palindrome": "^0.1.0"
      }
    },
    "node_modules/thomasnathanm-palindrome": {
      "version": "0.1.1",
      "resolved": "https://registry.npmjs.org/thomasnathanm-palindrome/-/thomasnathanm-palindrome-0.1.1.tgz",
      "integrity": "sha512-bzIEQx9z3iiRcPbRtBttON7jl2UqQ6gh4LDYJHMEV4wlzmKgAyKrlX9DaYdTuPnhispezVjLbTP9psKfM6MWDQ=="
    }
  },
  "dependencies": {
    "thomasnathanm-palindrome": {
      "version": "0.1.1",
      "resolved": "https://registry.npmjs.org/thomasnathanm-palindrome/-/thomasnathanm-palindrome-0.1.1.tgz",
      "integrity": "sha512-bzIEQx9z3iiRcPbRtBttON7jl2UqQ6gh4LDYJHMEV4wlzmKgAyKrlX9DaYdTuPnhispezVjLbTP9psKfM6MWDQ=="
    }
  }
}
