{
  "name": "js_tutorial",
  "lockfileVersion": 2,
  "requires": true,
  "packages": {
    "": {
      "dependencies": {
        "thomasnathanm-palindrome": "^0.1.0"
      }
    },
    "node_modules/thomasnathanm-palindrome": {
      "version": "0.1.0",
      "resolved": "https://registry.npmjs.org/thomasnathanm-palindrome/-/thomasnathanm-palindrome-0.1.0.tgz",
      "integrity": "sha512-5ajTdYvgMqXoReIRgrCL/pGSrdNL12t84uIR/yfXI8sW3eprOfvrhdzGH2HYPKWySB7JXhWhz0etpvstcyHXyQ=="
    }
  },
  "dependencies": {
    "thomasnathanm-palindrome": {
      "version": "0.1.0",
      "resolved": "https://registry.npmjs.org/thomasnathanm-palindrome/-/thomasnathanm-palindrome-0.1.0.tgz",
      "integrity": "sha512-5ajTdYvgMqXoReIRgrCL/pGSrdNL12t84uIR/yfXI8sW3eprOfvrhdzGH2HYPKWySB7JXhWhz0etpvstcyHXyQ=="
    }
  }
}
